# THIS IS AN AUTOGENERATED FILE. DO NOT EDIT THIS FILE DIRECTLY.
# yarn lockfile v1


"@faker-js/faker@^9.5.1":
  version "9.5.1"
  resolved "https://registry.yarnpkg.com/@faker-js/faker/-/faker-9.5.1.tgz#1f32fb726db5f539415455cadbc93c9fb457e42d"
  integrity sha512-0fzMEDxkExR2cn731kpDaCCnBGBUOIXEi2S1N5l8Hltp6aPf4soTMJ+g4k8r2sI5oB+rpwIW8Uy/6jkwGpnWPg==
